
Microsoft Visual Studio Solution File, Format Version 12.00
# Visual Studio Version 16
VisualStudioVersion = 16.0.31624.102
MinimumVisualStudioVersion = 10.0.40219.1
Project("{FAE04EC0-301F-11D3-BF4B-00C04F79EFBC}") = "EmployeeManagment", "EmployeeManagment.csproj", "{B0A3BAF9-35D9-4835-8883-0724EEFD59CC}"
EndProject
Global
	GlobalSection(SolutionConfigurationPlatforms) = preSolution
		Debug|Any CPU = Debug|Any CPU
		Release|Any CPU = Release|Any CPU
	EndGlobalSection
	GlobalSection(ProjectConfigurationPlatforms) = postSolution
		{B0A3BAF9-35D9-4835-8883-0724EEFD59CC}.Debug|Any CPU.ActiveCfg = Debug|Any CPU
		{B0A3BAF9-35D9-4835-8883-0724EEFD59CC}.Debug|Any CPU.Build.0 = Debug|Any CPU
		{B0A3BAF9-35D9-4835-8883-0724EEFD59CC}.Release|Any CPU.ActiveCfg = Release|Any CPU
		{B0A3BAF9-35D9-4835-8883-0724EEFD59CC}.Release|Any CPU.Build.0 = Release|Any CPU
	EndGlobalSection
	GlobalSection(SolutionProperties) = preSolution
		HideSolutionNode = FALSE
	EndGlobalSection
	GlobalSection(ExtensibilityGlobals) = postSolution
		SolutionGuid = {EC84924B-B3C4-49B9-8CCA-0906483E0421}
	EndGlobalSection
EndGlobal
